# THIS IS AN AUTOGENERATED FILE. DO NOT EDIT THIS FILE DIRECTLY.
# yarn lockfile v1


"@playwright/test@^1.28.1":
  "integrity" "sha512-xN6spdqrNlwSn9KabIhqfZR7IWjPpFK1835tFNgjrlysaSezuX8PYUwaz38V/yI8TJLG9PkAMEXoHRXYXlpTPQ=="
  "resolved" "https://registry.npmjs.org/@playwright/test/-/test-1.28.1.tgz"
  "version" "1.28.1"
  dependencies:
    "@types/node" "*"
    "playwright-core" "1.28.1"

"@types/lodash@^4.14.199":
  "integrity" "sha512-Vrjz5N5Ia4SEzWWgIVwnHNEnb1UE1XMkvY5DGXrAeOGE9imk0hgTHh5GyDjLDJi9OTCn9oo9dXH1uToK1VRfrg=="
  "resolved" "https://registry.npmjs.org/@types/lodash/-/lodash-4.14.199.tgz"
  "version" "4.14.199"

"@types/node@*":
  "integrity" "sha512-VkhBbVo2+2oozlkdHXLrb3zjsRkpdnaU2bXmX8Wgle3PUi569eLRaHGlgETQHR7lLL1w7GiG3h9SnePhxNDecw=="
  "resolved" "https://registry.npmjs.org/@types/node/-/node-18.11.15.tgz"
  "version" "18.11.15"

"dotenv@^16.3.1":
  "integrity" "sha512-IPzF4w4/Rd94bA9imS68tZBaYyBWSCE47V1RGuMrB94iyTOIEwRmVL2x/4An+6mETpLrKJ5hQkB8W4kFAadeIQ=="
  "resolved" "https://registry.npmjs.org/dotenv/-/dotenv-16.3.1.tgz"
  "version" "16.3.1"

"lodash@^4.17.21":
  "integrity" "sha512-v2kDEe57lecTulaDIuNTPy3Ry4gLGJ6Z1O3vE1krgXZNrsQ+LFTGHVxVjcXPs17LhbZVGedAJv8XZ1tvj5FvSg=="
  "resolved" "https://registry.npmjs.org/lodash/-/lodash-4.17.21.tgz"
  "version" "4.17.21"

"playwright-core@1.28.1":
  "integrity" "sha512-3PixLnGPno0E8rSBJjtwqTwJe3Yw72QwBBBxNoukIj3lEeBNXwbNiKrNuB1oyQgTBw5QHUhNO3SteEtHaMK6ag=="
  "resolved" "https://registry.npmjs.org/playwright-core/-/playwright-core-1.28.1.tgz"
  "version" "1.28.1"

"typescript@^5.2.2":
  "integrity" "sha512-mI4WrpHsbCIcwT9cF4FZvr80QUeKvsUsUvKDoR+X/7XHQH98xYD8YHZg7ANtz2GtZt/CBq2QJ0thkGJMHfqc1w=="
  "resolved" "https://registry.npmjs.org/typescript/-/typescript-5.2.2.tgz"
  "version" "5.2.2"
